{
  "version": 4,
  "terraform_version": "1.0.0",
  "serial": 3,
  "lineage": "77b1fe50-46d4-88cd-0b52-93ce62aad469",
  "outputs": {},
  "resources": [
    {
      "mode": "data",
      "type": "aws_security_group",
      "name": "sg",
      "provider": "provider[\"registry.terraform.io/hashicorp/aws\"]",
      "instances": [
        {
          "schema_version": 0,
          "attributes": {
            "arn": "arn:aws:ec2:eu-central-1:017899468342:security-group/sg-09324661b6dcf5bd4",
            "description": "Managed by Terraform",
            "filter": null,
            "id": "sg-09324661b6dcf5bd4",
            "name": "redis and nginx",
            "tags": {
              "name": "securitygroup"
            },
            "vpc_id": "vpc-028f40660a731b216"
          },
          "sensitive_attributes": []
        }
      ]
    },
    {
      "mode": "data",
      "type": "aws_subnet",
      "name": "subnet",
      "provider": "provider[\"registry.terraform.io/hashicorp/aws\"]",
      "instances": [
        {
          "schema_version": 0,
          "attributes": {
            "arn": "arn:aws:ec2:eu-central-1:017899468342:subnet/subnet-01e5b4540108e61d0",
            "assign_ipv6_address_on_creation": false,
            "availability_zone": "eu-central-1a",
            "availability_zone_id": "euc1-az2",
            "available_ip_address_count": 250,
            "cidr_block": "172.16.1.0/24",
            "customer_owned_ipv4_pool": "",
            "default_for_az": false,
            "filter": null,
            "id": "subnet-01e5b4540108e61d0",
            "ipv6_cidr_block": null,
            "ipv6_cidr_block_association_id": null,
            "map_customer_owned_ip_on_launch": false,
            "map_public_ip_on_launch": true,
            "outpost_arn": "",
            "owner_id": "017899468342",
            "state": "available",
            "tags": {
              "cidr_block": "172.16.1.0/24",
              "name": "subnet"
            },
            "vpc_id": "vpc-028f40660a731b216"
          },
          "sensitive_attributes": []
        }
      ]
    },
    {
      "mode": "managed",
      "type": "aws_instance",
      "name": "django",
      "provider": "provider[\"registry.terraform.io/hashicorp/aws\"]",
      "instances": [
        {
          "schema_version": 1,
          "attributes": {
            "ami": "ami-089b5384aac360007",
            "arn": "arn:aws:ec2:eu-central-1:017899468342:instance/i-0623195b085b0d07d",
            "associate_public_ip_address": true,
            "availability_zone": "eu-central-1a",
            "capacity_reservation_specification": [
              {
                "capacity_reservation_preference": "open",
                "capacity_reservation_target": []
              }
            ],
            "cpu_core_count": 1,
            "cpu_threads_per_core": 1,
            "credit_specification": [
              {
                "cpu_credits": "standard"
              }
            ],
            "disable_api_termination": false,
            "ebs_block_device": [],
            "ebs_optimized": false,
            "enclave_options": [
              {
                "enabled": false
              }
            ],
            "ephemeral_block_device": [],
            "get_password_data": false,
            "hibernation": false,
            "host_id": null,
            "iam_instance_profile": "",
            "id": "i-0623195b085b0d07d",
            "instance_initiated_shutdown_behavior": "stop",
            "instance_state": "running",
            "instance_type": "t2.micro",
            "ipv6_address_count": 0,
            "ipv6_addresses": [],
            "key_name": "",
            "metadata_options": [
              {
                "http_endpoint": "enabled",
                "http_put_response_hop_limit": 1,
                "http_tokens": "optional"
              }
            ],
            "monitoring": false,
            "network_interface": [],
            "outpost_arn": "",
            "password_data": "",
            "placement_group": "",
            "primary_network_interface_id": "eni-0491913848b86c7d8",
            "private_dns": "ip-172-16-1-170.eu-central-1.compute.internal",
            "private_ip": "172.16.1.170",
            "public_dns": "",
            "public_ip": "3.64.215.54",
            "root_block_device": [
              {
                "delete_on_termination": true,
                "device_name": "/dev/xvda",
                "encrypted": false,
                "iops": 100,
                "kms_key_id": "",
                "tags": {},
                "throughput": 0,
                "volume_id": "vol-0d9000f92f4131d3d",
                "volume_size": 8,
                "volume_type": "gp2"
              }
            ],
            "secondary_private_ips": [],
            "security_groups": [],
            "source_dest_check": true,
            "subnet_id": "subnet-01e5b4540108e61d0",
            "tags": {
              "Enviroment": "prod",
              "Owner": "Mykyta",
              "Project": "Terraform infr",
              "name": "jango"
            },
            "tags_all": {
              "Enviroment": "prod",
              "Owner": "Mykyta",
              "Project": "Terraform infr",
              "name": "jango"
            },
            "tenancy": "default",
            "timeouts": null,
            "user_data": "3d2356f176ba365922a64192e6123300edc134e5",
            "user_data_base64": null,
            "volume_tags": null,
            "vpc_security_group_ids": [
              "sg-09324661b6dcf5bd4"
            ]
          },
          "sensitive_attributes": [],
          "private": "eyJlMmJmYjczMC1lY2FhLTExZTYtOGY4OC0zNDM2M2JjN2M0YzAiOnsiY3JlYXRlIjo2MDAwMDAwMDAwMDAsImRlbGV0ZSI6MTIwMDAwMDAwMDAwMCwidXBkYXRlIjo2MDAwMDAwMDAwMDB9LCJzY2hlbWFfdmVyc2lvbiI6IjEifQ==",
          "dependencies": [
            "data.aws_security_group.sg",
            "data.aws_subnet.subnet"
          ]
        }
      ]
    }
  ]
}
